// !$*UTF8*$!
{
	archiveVersion = 1;
	classes = {
	};
	objectVersion = 50;
	objects = {

/* Begin PBXBuildFile section */
		55FCE684D447B15C0A31CFBC /* libPods-MapMe.a in Frameworks */ = {isa = PBXBuildFile; fileRef = E5092BACE67A14552A77EE28 /* libPods-MapMe.a */; };
		8E574C15224F5B2300F3DE58 /* AppDelegate.swift in Sources */ = {isa = PBXBuildFile; fileRef = 8E574C14224F5B2300F3DE58 /* AppDelegate.swift */; };
		8E574C17224F5B2300F3DE58 /* ViewController.swift in Sources */ = {isa = PBXBuildFile; fileRef = 8E574C16224F5B2300F3DE58 /* ViewController.swift */; };
		8E574C1A224F5B2300F3DE58 /* Main.storyboard in Resources */ = {isa = PBXBuildFile; fileRef = 8E574C18224F5B2300F3DE58 /* Main.storyboard */; };
		8E574C1C224F5B2600F3DE58 /* Assets.xcassets in Resources */ = {isa = PBXBuildFile; fileRef = 8E574C1B224F5B2600F3DE58 /* Assets.xcassets */; };
		8E574C1F224F5B2600F3DE58 /* LaunchScreen.storyboard in Resources */ = {isa = PBXBuildFile; fileRef = 8E574C1D224F5B2600F3DE58 /* LaunchScreen.storyboard */; };
		8ECC889B225485FA00BD5C9A /* TTConstants.swift in Sources */ = {isa = PBXBuildFile; fileRef = 8ECC889A225485FA00BD5C9A /* TTConstants.swift */; };
/* End PBXBuildFile section */

/* Begin PBXFileReference section */
		425A3AA7B1AF20DB864DD99C /* Pods-MapMe.release.xcconfig */ = {isa = PBXFileReference; includeInIndex = 1; lastKnownFileType = text.xcconfig; name = "Pods-MapMe.release.xcconfig"; path = "Target Support Files/Pods-MapMe/Pods-MapMe.release.xcconfig"; sourceTree = "<group>"; };
		4B98496B5163A2991A653AFD /* Pods-MapMe.debug.xcconfig */ = {isa = PBXFileReference; includeInIndex = 1; lastKnownFileType = text.xcconfig; name = "Pods-MapMe.debug.xcconfig"; path = "Target Support Files/Pods-MapMe/Pods-MapMe.debug.xcconfig"; sourceTree = "<group>"; };
		8E574C11224F5B2300F3DE58 /* MapMe.app */ = {isa = PBXFileReference; explicitFileType = wrapper.application; includeInIndex = 0; path = MapMe.app; sourceTree = BUILT_PRODUCTS_DIR; };
		8E574C14224F5B2300F3DE58 /* AppDelegate.swift */ = {isa = PBXFileReference; lastKnownFileType = sourcecode.swift; path = AppDelegate.swift; sourceTree = "<group>"; };
		8E574C16224F5B2300F3DE58 /* ViewController.swift */ = {isa = PBXFileReference; lastKnownFileType = sourcecode.swift; path = ViewController.swift; sourceTree = "<group>"; };
		8E574C19224F5B2300F3DE58 /* Base */ = {isa = PBXFileReference; lastKnownFileType = file.storyboard; name = Base; path = Base.lproj/Main.storyboard; sourceTree = "<group>"; };
		8E574C1B224F5B2600F3DE58 /* Assets.xcassets */ = {isa = PBXFileReference; lastKnownFileType = folder.assetcatalog; path = Assets.xcassets; sourceTree = "<group>"; };
		8E574C1E224F5B2600F3DE58 /* Base */ = {isa = PBXFileReference; lastKnownFileType = file.storyboard; name = Base; path = Base.lproj/LaunchScreen.storyboard; sourceTree = "<group>"; };
		8E574C20224F5B2600F3DE58 /* Info.plist */ = {isa = PBXFileReference; lastKnownFileType = text.plist.xml; path = Info.plist; sourceTree = "<group>"; };
		8ECC889A225485FA00BD5C9A /* TTConstants.swift */ = {isa = PBXFileReference; lastKnownFileType = sourcecode.swift; path = TTConstants.swift; sourceTree = "<group>"; };
		E5092BACE67A14552A77EE28 /* libPods-MapMe.a */ = {isa = PBXFileReference; explicitFileType = archive.ar; includeInIndex = 0; path = "libPods-MapMe.a"; sourceTree = BUILT_PRODUCTS_DIR; };
/* End PBXFileReference section */

/* Begin PBXFrameworksBuildPhase section */
		8E574C0E224F5B2300F3DE58 /* Frameworks */ = {
			isa = PBXFrameworksBuildPhase;
			buildActionMask = 2147483647;
			files = (
				55FCE684D447B15C0A31CFBC /* libPods-MapMe.a in Frameworks */,
			);
			runOnlyForDeploymentPostprocessing = 0;
		};
/* End PBXFrameworksBuildPhase section */

/* Begin PBXGroup section */
		019795DCCC0F97E8FDFBD243 /* Frameworks */ = {
			isa = PBXGroup;
			children = (
				E5092BACE67A14552A77EE28 /* libPods-MapMe.a */,
			);
			name = Frameworks;
			sourceTree = "<group>";
		};
		8E574C08224F5B2300F3DE58 = {
			isa = PBXGroup;
			children = (
				8E574C13224F5B2300F3DE58 /* MapMe */,
				8E574C12224F5B2300F3DE58 /* Products */,
				96D094B944EDBE7CC19A470A /* Pods */,
				019795DCCC0F97E8FDFBD243 /* Frameworks */,
			);
			sourceTree = "<group>";
		};
		8E574C12224F5B2300F3DE58 /* Products */ = {
			isa = PBXGroup;
			children = (
				8E574C11224F5B2300F3DE58 /* MapMe.app */,
			);
			name = Products;
			sourceTree = "<group>";
		};
		8E574C13224F5B2300F3DE58 /* MapMe */ = {
			isa = PBXGroup;
			children = (
				8E574C14224F5B2300F3DE58 /* AppDelegate.swift */,
				8E574C16224F5B2300F3DE58 /* ViewController.swift */,
				8E574C18224F5B2300F3DE58 /* Main.storyboard */,
				8E574C1B224F5B2600F3DE58 /* Assets.xcassets */,
				8E574C1D224F5B2600F3DE58 /* LaunchScreen.storyboard */,
				8E574C20224F5B2600F3DE58 /* Info.plist */,
				8ECC889A225485FA00BD5C9A /* TTConstants.swift */,
			);
			path = MapMe;
			sourceTree = "<group>";
		};
		96D094B944EDBE7CC19A470A /* Pods */ = {
			isa = PBXGroup;
			children = (
				4B98496B5163A2991A653AFD /* Pods-MapMe.debug.xcconfig */,
				425A3AA7B1AF20DB864DD99C /* Pods-MapMe.release.xcconfig */,
			);
			path = Pods;
			sourceTree = "<group>";
		};
/* End PBXGroup section */

/* Begin PBXNativeTarget section */
		8E574C10224F5B2300F3DE58 /* MapMe */ = {
			isa = PBXNativeTarget;
			buildConfigurationList = 8E574C23224F5B2600F3DE58 /* Build configuration list for PBXNativeTarget "MapMe" */;
			buildPhases = (
				D98018F1517448147974F20C /* [CP] Check Pods Manifest.lock */,
				8E574C0D224F5B2300F3DE58 /* Sources */,
				8E574C0E224F5B2300F3DE58 /* Frameworks */,
				8E574C0F224F5B2300F3DE58 /* Resources */,
				D2D3C9F980320E4ED9ECB236 /* [CP] Embed Pods Frameworks */,
			);
			buildRules = (
			);
			dependencies = (
			);
			name = MapMe;
			productName = MapMe;
			productReference = 8E574C11224F5B2300F3DE58 /* MapMe.app */;
			productType = "com.apple.product-type.application";
		};
/* End PBXNativeTarget section */

/* Begin PBXProject section */
		8E574C09224F5B2300F3DE58 /* Project object */ = {
			isa = PBXProject;
			attributes = {
				LastSwiftUpdateCheck = 1020;
				LastUpgradeCheck = 1020;
				ORGANIZATIONNAME = TomTom;
				TargetAttributes = {
					8E574C10224F5B2300F3DE58 = {
						CreatedOnToolsVersion = 10.2;
					};
				};
			};
			buildConfigurationList = 8E574C0C224F5B2300F3DE58 /* Build configuration list for PBXProject "MapMe" */;
			compatibilityVersion = "Xcode 9.3";
			developmentRegion = en;
			hasScannedForEncodings = 0;
			knownRegions = (
				en,
				Base,
			);
			mainGroup = 8E574C08224F5B2300F3DE58;
			productRefGroup = 8E574C12224F5B2300F3DE58 /* Products */;
			projectDirPath = "";
			projectRoot = "";
			targets = (
				8E574C10224F5B2300F3DE58 /* MapMe */,
			);
		};
/* End PBXProject section */

/* Begin PBXResourcesBuildPhase section */
		8E574C0F224F5B2300F3DE58 /* Resources */ = {
			isa = PBXResourcesBuildPhase;
			buildActionMask = 2147483647;
			files = (
				8E574C1F224F5B2600F3DE58 /* LaunchScreen.storyboard in Resources */,
				8E574C1C224F5B2600F3DE58 /* Assets.xcassets in Resources */,
				8E574C1A224F5B2300F3DE58 /* Main.storyboard in Resources */,
			);
			runOnlyForDeploymentPostprocessing = 0;
		};
/* End PBXResourcesBuildPhase section */

/* Begin PBXShellScriptBuildPhase section */
		D2D3C9F980320E4ED9ECB236 /* [CP] Embed Pods Frameworks */ = {
			isa = PBXShellScriptBuildPhase;
			buildActionMask = 2147483647;
			files = (
			);
			inputFileListPaths = (
			);
			inputPaths = (
				"${PODS_ROOT}/Target Support Files/Pods-MapMe/Pods-MapMe-frameworks.sh",
				"${PODS_ROOT}/TomTomOnlineSDKGeofencing/TomTomOnlineSDKGeofencing/TomTomOnlineSDKGeofencing.framework",
				"${PODS_ROOT}/TomTomOnlineSDKMaps/TomTomOnlineSDKMaps/TomTomOnlineSDKMaps.framework",
				"${PODS_ROOT}/TomTomOnlineSDKMapsDriving/TomTomOnlineSDKMapsDriving/TomTomOnlineSDKMapsDriving.framework",
				"${PODS_ROOT}/TomTomOnlineSDKMapsStaticImage/TomTomOnlineSDKMapsStaticImage/TomTomOnlineSDKMapsStaticImage.framework",
				"${PODS_ROOT}/TomTomOnlineSDKMapsUIExtensions/TomTomOnlineSDKMapsUIExtensions/TomTomOnlineSDKMapsUIExtensions.framework",
				"${PODS_ROOT}/TomTomOnlineSDKRouting/TomTomOnlineSDKRouting/TomTomOnlineSDKRouting.framework",
				"${PODS_ROOT}/TomTomOnlineSDKSearch/TomTomOnlineSDKSearch/TomTomOnlineSDKSearch.framework",
				"${PODS_ROOT}/TomTomOnlineSDKTraffic/TomTomOnlineSDKTraffic/TomTomOnlineSDKTraffic.framework",
				"${PODS_ROOT}/TomTomOnlineUtils/TomTomOnlineUtils/TomTomOnlineUtils.framework",
			);
			name = "[CP] Embed Pods Frameworks";
			outputFileListPaths = (
			);
			outputPaths = (
				"${TARGET_BUILD_DIR}/${FRAMEWORKS_FOLDER_PATH}/TomTomOnlineSDKGeofencing.framework",
				"${TARGET_BUILD_DIR}/${FRAMEWORKS_FOLDER_PATH}/TomTomOnlineSDKMaps.framework",
				"${TARGET_BUILD_DIR}/${FRAMEWORKS_FOLDER_PATH}/TomTomOnlineSDKMapsDriving.framework",
				"${TARGET_BUILD_DIR}/${FRAMEWORKS_FOLDER_PATH}/TomTomOnlineSDKMapsStaticImage.framework",
				"${TARGET_BUILD_DIR}/${FRAMEWORKS_FOLDER_PATH}/TomTomOnlineSDKMapsUIExtensions.framework",
				"${TARGET_BUILD_DIR}/${FRAMEWORKS_FOLDER_PATH}/TomTomOnlineSDKRouting.framework",
				"${TARGET_BUILD_DIR}/${FRAMEWORKS_FOLDER_PATH}/TomTomOnlineSDKSearch.framework",
				"${TARGET_BUILD_DIR}/${FRAMEWORKS_FOLDER_PATH}/TomTomOnlineSDKTraffic.framework",
				"${TARGET_BUILD_DIR}/${FRAMEWORKS_FOLDER_PATH}/TomTomOnlineUtils.framework",
			);
			runOnlyForDeploymentPostprocessing = 0;
			shellPath = /bin/sh;
			shellScript = "\"${PODS_ROOT}/Target Support Files/Pods-MapMe/Pods-MapMe-frameworks.sh\"\n";
			showEnvVarsInLog = 0;
		};
		D98018F1517448147974F20C /* [CP] Check Pods Manifest.lock */ = {
			isa = PBXShellScriptBuildPhase;
			buildActionMask = 2147483647;
			files = (
			);
			inputFileListPaths = (
			);
			inputPaths = (
				"${PODS_PODFILE_DIR_PATH}/Podfile.lock",
				"${PODS_ROOT}/Manifest.lock",
			);
			name = "[CP] Check Pods Manifest.lock";
			outputFileListPaths = (
			);
			outputPaths = (
				"$(DERIVED_FILE_DIR)/Pods-MapMe-checkManifestLockResult.txt",
			);
			runOnlyForDeploymentPostprocessing = 0;
			shellPath = /bin/sh;
			shellScript = "diff \"${PODS_PODFILE_DIR_PATH}/Podfile.lock\" \"${PODS_ROOT}/Manifest.lock\" > /dev/null\nif [ $? != 0 ] ; then\n    # print error to STDERR\n    echo \"error: The sandbox is not in sync with the Podfile.lock. Run 'pod install' or update your CocoaPods installation.\" >&2\n    exit 1\nfi\n# This output is used by Xcode 'outputs' to avoid re-running this script phase.\necho \"SUCCESS\" > \"${SCRIPT_OUTPUT_FILE_0}\"\n";
			showEnvVarsInLog = 0;
		};
/* End PBXShellScriptBuildPhase section */

/* Begin PBXSourcesBuildPhase section */
		8E574C0D224F5B2300F3DE58 /* Sources */ = {
			isa = PBXSourcesBuildPhase;
			buildActionMask = 2147483647;
			files = (
				8E574C17224F5B2300F3DE58 /* ViewController.swift in Sources */,
				8ECC889B225485FA00BD5C9A /* TTConstants.swift in Sources */,
				8E574C15224F5B2300F3DE58 /* AppDelegate.swift in Sources */,
			);
			runOnlyForDeploymentPostprocessing = 0;
		};
/* End PBXSourcesBuildPhase section */

/* Begin PBXVariantGroup section */
		8E574C18224F5B2300F3DE58 /* Main.storyboard */ = {
			isa = PBXVariantGroup;
			children = (
				8E574C19224F5B2300F3DE58 /* Base */,
			);
			name = Main.storyboard;
			sourceTree = "<group>";
		};
		8E574C1D224F5B2600F3DE58 /* LaunchScreen.storyboard */ = {
			isa = PBXVariantGroup;
			children = (
				8E574C1E224F5B2600F3DE58 /* Base */,
			);
			name = LaunchScreen.storyboard;
			sourceTree = "<group>";
		};
/* End PBXVariantGroup section */

/* Begin XCBuildConfiguration section */
		8E574C21224F5B2600F3DE58 /* Debug */ = {
			isa = XCBuildConfiguration;
			buildSettings = {
				ALWAYS_SEARCH_USER_PATHS = NO;
				CLANG_ANALYZER_NONNULL = YES;
				CLANG_ANALYZER_NUMBER_OBJECT_CONVERSION = YES_AGGRESSIVE;
				CLANG_CXX_LANGUAGE_STANDARD = "gnu++14";
				CLANG_CXX_LIBRARY = "libc++";
				CLANG_ENABLE_MODULES = YES;
				CLANG_ENABLE_OBJC_ARC = YES;
				CLANG_ENABLE_OBJC_WEAK = YES;
				CLANG_WARN_BLOCK_CAPTURE_AUTORELEASING = YES;
				CLANG_WARN_BOOL_CONVERSION = YES;
				CLANG_WARN_COMMA = YES;
				CLANG_WARN_CONSTANT_CONVERSION = YES;
				CLANG_WARN_DEPRECATED_OBJC_IMPLEMENTATIONS = YES;
				CLANG_WARN_DIRECT_OBJC_ISA_USAGE = YES_ERROR;
				CLANG_WARN_DOCUMENTATION_COMMENTS = YES;
				CLANG_WARN_EMPTY_BODY = YES;
				CLANG_WARN_ENUM_CONVERSION = YES;
				CLANG_WARN_INFINITE_RECURSION = YES;
				CLANG_WARN_INT_CONVERSION = YES;
				CLANG_WARN_NON_LITERAL_NULL_CONVERSION = YES;
				CLANG_WARN_OBJC_IMPLICIT_RETAIN_SELF = YES;
				CLANG_WARN_OBJC_LITERAL_CONVERSION = YES;
				CLANG_WARN_OBJC_ROOT_CLASS = YES_ERROR;
				CLANG_WARN_RANGE_LOOP_ANALYSIS = YES;
				CLANG_WARN_STRICT_PROTOTYPES = YES;
				CLANG_WARN_SUSPICIOUS_MOVE = YES;
				CLANG_WARN_UNGUARDED_AVAILABILITY = YES_AGGRESSIVE;
				CLANG_WARN_UNREACHABLE_CODE = YES;
				CLANG_WARN__DUPLICATE_METHOD_MATCH = YES;
				CODE_SIGN_IDENTITY = "iPhone Developer";
				COPY_PHASE_STRIP = NO;
				DEBUG_INFORMATION_FORMAT = dwarf;
				ENABLE_STRICT_OBJC_MSGSEND = YES;
				ENABLE_TESTABILITY = YES;
				GCC_C_LANGUAGE_STANDARD = gnu11;
				GCC_DYNAMIC_NO_PIC = NO;
				GCC_NO_COMMON_BLOCKS = YES;
				GCC_OPTIMIZATION_LEVEL = 0;
				GCC_PREPROCESSOR_DEFINITIONS = (
					"DEBUG=1",
					"$(inherited)",
				);
				GCC_WARN_64_TO_32_BIT_CONVERSION = YES;
				GCC_WARN_ABOUT_RETURN_TYPE = YES_ERROR;
				GCC_WARN_UNDECLARED_SELECTOR = YES;
				GCC_WARN_UNINITIALIZED_AUTOS = YES_AGGRESSIVE;
				GCC_WARN_UNUSED_FUNCTION = YES;
				GCC_WARN_UNUSED_VARIABLE = YES;
				IPHONEOS_DEPLOYMENT_TARGET = 12.2;
				MTL_ENABLE_DEBUG_INFO = INCLUDE_SOURCE;
				MTL_FAST_MATH = YES;
				ONLY_ACTIVE_ARCH = YES;
				SDKROOT = iphoneos;
				SWIFT_ACTIVE_COMPILATION_CONDITIONS = DEBUG;
				SWIFT_OPTIMIZATION_LEVEL = "-Onone";
			};
			name = Debug;
		};
		8E574C22224F5B2600F3DE58 /* Release */ = {
			isa = XCBuildConfiguration;
			buildSettings = {
				ALWAYS_SEARCH_USER_PATHS = NO;
				CLANG_ANALYZER_NONNULL = YES;
				CLANG_ANALYZER_NUMBER_OBJECT_CONVERSION = YES_AGGRESSIVE;
				CLANG_CXX_LANGUAGE_STANDARD = "gnu++14";
				CLANG_CXX_LIBRARY = "libc++";
				CLANG_ENABLE_MODULES = YES;
				CLANG_ENABLE_OBJC_ARC = YES;
				CLANG_ENABLE_OBJC_WEAK = YES;
				CLANG_WARN_BLOCK_CAPTURE_AUTORELEASING = YES;
				CLANG_WARN_BOOL_CONVERSION = YES;
				CLANG_WARN_COMMA = YES;
				CLANG_WARN_CONSTANT_CONVERSION = YES;
				CLANG_WARN_DEPRECATED_OBJC_IMPLEMENTATIONS = YES;
				CLANG_WARN_DIRECT_OBJC_ISA_USAGE = YES_ERROR;
				CLANG_WARN_DOCUMENTATION_COMMENTS = YES;
				CLANG_WARN_EMPTY_BODY = YES;
				CLANG_WARN_ENUM_CONVERSION = YES;
				CLANG_WARN_INFINITE_RECURSION = YES;
				CLANG_WARN_INT_CONVERSION = YES;
				CLANG_WARN_NON_LITERAL_NULL_CONVERSION = YES;
				CLANG_WARN_OBJC_IMPLICIT_RETAIN_SELF = YES;
				CLANG_WARN_OBJC_LITERAL_CONVERSION = YES;
				CLANG_WARN_OBJC_ROOT_CLASS = YES_ERROR;
				CLANG_WARN_RANGE_LOOP_ANALYSIS = YES;
				CLANG_WARN_STRICT_PROTOTYPES = YES;
				CLANG_WARN_SUSPICIOUS_MOVE = YES;
				CLANG_WARN_UNGUARDED_AVAILABILITY = YES_AGGRESSIVE;
				CLANG_WARN_UNREACHABLE_CODE = YES;
				CLANG_WARN__DUPLICATE_METHOD_MATCH = YES;
				CODE_SIGN_IDENTITY = "iPhone Developer";
				COPY_PHASE_STRIP = NO;
				DEBUG_INFORMATION_FORMAT = "dwarf-with-dsym";
				ENABLE_NS_ASSERTIONS = NO;
				ENABLE_STRICT_OBJC_MSGSEND = YES;
				GCC_C_LANGUAGE_STANDARD = gnu11;
				GCC_NO_COMMON_BLOCKS = YES;
				GCC_WARN_64_TO_32_BIT_CONVERSION = YES;
				GCC_WARN_ABOUT_RETURN_TYPE = YES_ERROR;
				GCC_WARN_UNDECLARED_SELECTOR = YES;
				GCC_WARN_UNINITIALIZED_AUTOS = YES_AGGRESSIVE;
				GCC_WARN_UNUSED_FUNCTION = YES;
				GCC_WARN_UNUSED_VARIABLE = YES;
				IPHONEOS_DEPLOYMENT_TARGET = 12.2;
				MTL_ENABLE_DEBUG_INFO = NO;
				MTL_FAST_MATH = YES;
				SDKROOT = iphoneos;
				SWIFT_COMPILATION_MODE = wholemodule;
				SWIFT_OPTIMIZATION_LEVEL = "-O";
				VALIDATE_PRODUCT = YES;
			};
			name = Release;
		};
		8E574C24224F5B2600F3DE58 /* Debug */ = {
			isa = XCBuildConfiguration;
			baseConfigurationReference = 4B98496B5163A2991A653AFD /* Pods-MapMe.debug.xcconfig */;
			buildSettings = {
				ASSETCATALOG_COMPILER_APPICON_NAME = AppIcon;
				CODE_SIGN_STYLE = Automatic;
				INFOPLIST_FILE = MapMe/Info.plist;
				LD_RUNPATH_SEARCH_PATHS = (
					"$(inherited)",
					"@executable_path/Frameworks",
				);
				PRODUCT_BUNDLE_IDENTIFIER = TomTom.MapMe;
				PRODUCT_NAME = "$(TARGET_NAME)";
				SWIFT_VERSION = 5.0;
				TARGETED_DEVICE_FAMILY = 1;
			};
			name = Debug;
		};
		8E574C25224F5B2600F3DE58 /* Release */ = {
			isa = XCBuildConfiguration;
			baseConfigurationReference = 425A3AA7B1AF20DB864DD99C /* Pods-MapMe.release.xcconfig */;
			buildSettings = {
				ASSETCATALOG_COMPILER_APPICON_NAME = AppIcon;
				CODE_SIGN_STYLE = Automatic;
				INFOPLIST_FILE = MapMe/Info.plist;
				LD_RUNPATH_SEARCH_PATHS = (
					"$(inherited)",
					"@executable_path/Frameworks",
				);
				PRODUCT_BUNDLE_IDENTIFIER = TomTom.MapMe;
				PRODUCT_NAME = "$(TARGET_NAME)";
				SWIFT_VERSION = 5.0;
				TARGETED_DEVICE_FAMILY = 1;
			};
			name = Release;
		};
/* End XCBuildConfiguration section */

/* Begin XCConfigurationList section */
		8E574C0C224F5B2300F3DE58 /* Build configuration list for PBXProject "MapMe" */ = {
			isa = XCConfigurationList;
			buildConfigurations = (
				8E574C21224F5B2600F3DE58 /* Debug */,
				8E574C22224F5B2600F3DE58 /* Release */,
			);
			defaultConfigurationIsVisible = 0;
			defaultConfigurationName = Release;
		};
		8E574C23224F5B2600F3DE58 /* Build configuration list for PBXNativeTarget "MapMe" */ = {
			isa = XCConfigurationList;
			buildConfigurations = (
				8E574C24224F5B2600F3DE58 /* Debug */,
				8E574C25224F5B2600F3DE58 /* Release */,
			);
			defaultConfigurationIsVisible = 0;
			defaultConfigurationName = Release;
		};
/* End XCConfigurationList section */
	};
	rootObject = 8E574C09224F5B2300F3DE58 /* Project object */;
}
